
Microsoft Visual Studio Solution File, Format Version 12.00
# Visual Studio 14
VisualStudioVersion = 14.0.25420.1
MinimumVisualStudioVersion = 10.0.40219.1
Project("{FAE04EC0-301F-11D3-BF4B-00C04F79EFBC}") = "RedisCacheTest.Core", "RedisCacheTest.Core\RedisCacheTest.Core.csproj", "{EE0B6D71-1D12-4395-A8A7-5BD43983606B}"
EndProject
Project("{FAE04EC0-301F-11D3-BF4B-00C04F79EFBC}") = "ConsoleApplication1", "ConsoleApplication1\ConsoleApplication1.csproj", "{EA3798EC-0B08-4119-8ED6-5D49563DA22D}"
EndProject
Project("{FAE04EC0-301F-11D3-BF4B-00C04F79EFBC}") = "ConsoleApplication2", "ConsoleApplication2\ConsoleApplication2.csproj", "{73C1FB5C-8AEC-4D65-93C2-A71F798AD8B9}"
EndProject
Global
	GlobalSection(SolutionConfigurationPlatforms) = preSolution
		Debug|Any CPU = Debug|Any CPU
		Release|Any CPU = Release|Any CPU
	EndGlobalSection
	GlobalSection(ProjectConfigurationPlatforms) = postSolution
		{EE0B6D71-1D12-4395-A8A7-5BD43983606B}.Debug|Any CPU.ActiveCfg = Debug|Any CPU
		{EE0B6D71-1D12-4395-A8A7-5BD43983606B}.Debug|Any CPU.Build.0 = Debug|Any CPU
		{EE0B6D71-1D12-4395-A8A7-5BD43983606B}.Release|Any CPU.ActiveCfg = Release|Any CPU
		{EE0B6D71-1D12-4395-A8A7-5BD43983606B}.Release|Any CPU.Build.0 = Release|Any CPU
		{EA3798EC-0B08-4119-8ED6-5D49563DA22D}.Debug|Any CPU.ActiveCfg = Debug|Any CPU
		{EA3798EC-0B08-4119-8ED6-5D49563DA22D}.Debug|Any CPU.Build.0 = Debug|Any CPU
		{EA3798EC-0B08-4119-8ED6-5D49563DA22D}.Release|Any CPU.ActiveCfg = Release|Any CPU
		{EA3798EC-0B08-4119-8ED6-5D49563DA22D}.Release|Any CPU.Build.0 = Release|Any CPU
		{73C1FB5C-8AEC-4D65-93C2-A71F798AD8B9}.Debug|Any CPU.ActiveCfg = Debug|Any CPU
		{73C1FB5C-8AEC-4D65-93C2-A71F798AD8B9}.Debug|Any CPU.Build.0 = Debug|Any CPU
		{73C1FB5C-8AEC-4D65-93C2-A71F798AD8B9}.Release|Any CPU.ActiveCfg = Release|Any CPU
		{73C1FB5C-8AEC-4D65-93C2-A71F798AD8B9}.Release|Any CPU.Build.0 = Release|Any CPU
	EndGlobalSection
	GlobalSection(SolutionProperties) = preSolution
		HideSolutionNode = FALSE
	EndGlobalSection
EndGlobal
